
Microsoft Visual Studio Solution File, Format Version 12.00
# Visual Studio 2012
Project("{8BC9CEB8-8B4A-11D0-8D11-00A0C91BC942}") = "Grafo_grafico", "Grafo_grafico\Grafo_grafico.vcxproj", "{7254E4DB-06A9-4FCF-8373-63DA34C78B30}"
EndProject
Global
	GlobalSection(SolutionConfigurationPlatforms) = preSolution
		Debug|Win32 = Debug|Win32
		Release|Win32 = Release|Win32
	EndGlobalSection
	GlobalSection(ProjectConfigurationPlatforms) = postSolution
		{7254E4DB-06A9-4FCF-8373-63DA34C78B30}.Debug|Win32.ActiveCfg = Debug|Win32
		{7254E4DB-06A9-4FCF-8373-63DA34C78B30}.Debug|Win32.Build.0 = Debug|Win32
		{7254E4DB-06A9-4FCF-8373-63DA34C78B30}.Release|Win32.ActiveCfg = Release|Win32
		{7254E4DB-06A9-4FCF-8373-63DA34C78B30}.Release|Win32.Build.0 = Release|Win32
	EndGlobalSection
	GlobalSection(SolutionProperties) = preSolution
		HideSolutionNode = FALSE
	EndGlobalSection
EndGlobal
